
Microsoft Visual Studio Solution File, Format Version 12.00
# Visual Studio Version 17
VisualStudioVersion = 17.4.33213.308
MinimumVisualStudioVersion = 10.0.40219.1
Project("{FAE04EC0-301F-11D3-BF4B-00C04F79EFBC}") = "D14 oop", "D14 oop.csproj", "{CACA1232-0BB3-43EC-BE85-89663E0B8D24}"
EndProject
Global
	GlobalSection(SolutionConfigurationPlatforms) = preSolution
		Debug|Any CPU = Debug|Any CPU
		Release|Any CPU = Release|Any CPU
	EndGlobalSection
	GlobalSection(ProjectConfigurationPlatforms) = postSolution
		{CACA1232-0BB3-43EC-BE85-89663E0B8D24}.Debug|Any CPU.ActiveCfg = Debug|Any CPU
		{CACA1232-0BB3-43EC-BE85-89663E0B8D24}.Debug|Any CPU.Build.0 = Debug|Any CPU
		{CACA1232-0BB3-43EC-BE85-89663E0B8D24}.Release|Any CPU.ActiveCfg = Release|Any CPU
		{CACA1232-0BB3-43EC-BE85-89663E0B8D24}.Release|Any CPU.Build.0 = Release|Any CPU
	EndGlobalSection
	GlobalSection(SolutionProperties) = preSolution
		HideSolutionNode = FALSE
	EndGlobalSection
	GlobalSection(ExtensibilityGlobals) = postSolution
		SolutionGuid = {D55FE5AD-B1D3-4FF1-B04B-6BECBB93C0D5}
	EndGlobalSection
EndGlobal
